
Microsoft Visual Studio Solution File, Format Version 12.00
# Visual Studio Version 17
VisualStudioVersion = 17.13.35931.197 d17.13
MinimumVisualStudioVersion = 10.0.40219.1
Project("{2150E333-8FDC-42A3-9474-1A3956D46DE8}") = "src", "src", "{02EA681E-C7D8-13C7-8484-4AC65E1B71E8}"
EndProject
Project("{2150E333-8FDC-42A3-9474-1A3956D46DE8}") = "tests", "tests", "{0C07FCE4-61F2-4281-8CCB-BD2C0146740E}"
EndProject
Project("{FAE04EC0-301F-11D3-BF4B-00C04F79EFBC}") = "CyanPay.IdentityService.API", "CyanPay.IdentityService.API\CyanPay.IdentityService.API.csproj", "{13F9095E-4ED5-4C55-95B4-E6BD513E4B0F}"
EndProject
Project("{FAE04EC0-301F-11D3-BF4B-00C04F79EFBC}") = "CyanPay.IdentityService.Application", "CyanPay.IdentityService.Application\CyanPay.IdentityService.Application.csproj", "{23A0959F-42DA-4768-A914-C96988423788}"
EndProject
Project("{FAE04EC0-301F-11D3-BF4B-00C04F79EFBC}") = "CyanPay.IdentityService.Domain", "CyanPay.IdentityService.Domain\CyanPay.IdentityService.Domain.csproj", "{CFF25B17-5D61-4A89-92FC-56E8B82ACDC1}"
EndProject
Project("{FAE04EC0-301F-11D3-BF4B-00C04F79EFBC}") = "CyanPay.IdentityService.Infrastructure", "CyanPay.IdentityService.Infrastructure\CyanPay.IdentityService.Infrastructure.csproj", "{A7AD2805-663F-484F-88ED-FBA15F8DDD03}"
EndProject
Project("{FAE04EC0-301F-11D3-BF4B-00C04F79EFBC}") = "CyanPay.IdentityService.UnitTests", "CyanPay.IdentityService.UnitTests\CyanPay.IdentityService.UnitTests.csproj", "{F204846C-FA27-47A3-931A-DB9C3601DEB1}"
EndProject
Project("{FAE04EC0-301F-11D3-BF4B-00C04F79EFBC}") = "CyanPay.IdentityService.IntegrationTests", "CyanPay.IdentityService.IntegrationTests\CyanPay.IdentityService.IntegrationTests.csproj", "{4B68FE63-93ED-4F9F-A053-DFD9E31D91AB}"
EndProject
Global
	GlobalSection(SolutionConfigurationPlatforms) = preSolution
		Debug|Any CPU = Debug|Any CPU
		Release|Any CPU = Release|Any CPU
	EndGlobalSection
	GlobalSection(ProjectConfigurationPlatforms) = postSolution
		{13F9095E-4ED5-4C55-95B4-E6BD513E4B0F}.Debug|Any CPU.ActiveCfg = Debug|Any CPU
		{13F9095E-4ED5-4C55-95B4-E6BD513E4B0F}.Debug|Any CPU.Build.0 = Debug|Any CPU
		{13F9095E-4ED5-4C55-95B4-E6BD513E4B0F}.Release|Any CPU.ActiveCfg = Release|Any CPU
		{13F9095E-4ED5-4C55-95B4-E6BD513E4B0F}.Release|Any CPU.Build.0 = Release|Any CPU
		{23A0959F-42DA-4768-A914-C96988423788}.Debug|Any CPU.ActiveCfg = Debug|Any CPU
		{23A0959F-42DA-4768-A914-C96988423788}.Debug|Any CPU.Build.0 = Debug|Any CPU
		{23A0959F-42DA-4768-A914-C96988423788}.Release|Any CPU.ActiveCfg = Release|Any CPU
		{23A0959F-42DA-4768-A914-C96988423788}.Release|Any CPU.Build.0 = Release|Any CPU
		{CFF25B17-5D61-4A89-92FC-56E8B82ACDC1}.Debug|Any CPU.ActiveCfg = Debug|Any CPU
		{CFF25B17-5D61-4A89-92FC-56E8B82ACDC1}.Debug|Any CPU.Build.0 = Debug|Any CPU
		{CFF25B17-5D61-4A89-92FC-56E8B82ACDC1}.Release|Any CPU.ActiveCfg = Release|Any CPU
		{CFF25B17-5D61-4A89-92FC-56E8B82ACDC1}.Release|Any CPU.Build.0 = Release|Any CPU
		{A7AD2805-663F-484F-88ED-FBA15F8DDD03}.Debug|Any CPU.ActiveCfg = Debug|Any CPU
		{A7AD2805-663F-484F-88ED-FBA15F8DDD03}.Debug|Any CPU.Build.0 = Debug|Any CPU
		{A7AD2805-663F-484F-88ED-FBA15F8DDD03}.Release|Any CPU.ActiveCfg = Release|Any CPU
		{A7AD2805-663F-484F-88ED-FBA15F8DDD03}.Release|Any CPU.Build.0 = Release|Any CPU
		{F204846C-FA27-47A3-931A-DB9C3601DEB1}.Debug|Any CPU.ActiveCfg = Debug|Any CPU
		{F204846C-FA27-47A3-931A-DB9C3601DEB1}.Debug|Any CPU.Build.0 = Debug|Any CPU
		{F204846C-FA27-47A3-931A-DB9C3601DEB1}.Release|Any CPU.ActiveCfg = Release|Any CPU
		{F204846C-FA27-47A3-931A-DB9C3601DEB1}.Release|Any CPU.Build.0 = Release|Any CPU
		{4B68FE63-93ED-4F9F-A053-DFD9E31D91AB}.Debug|Any CPU.ActiveCfg = Debug|Any CPU
		{4B68FE63-93ED-4F9F-A053-DFD9E31D91AB}.Debug|Any CPU.Build.0 = Debug|Any CPU
		{4B68FE63-93ED-4F9F-A053-DFD9E31D91AB}.Release|Any CPU.ActiveCfg = Release|Any CPU
		{4B68FE63-93ED-4F9F-A053-DFD9E31D91AB}.Release|Any CPU.Build.0 = Release|Any CPU
	EndGlobalSection
	GlobalSection(SolutionProperties) = preSolution
		HideSolutionNode = FALSE
	EndGlobalSection
	GlobalSection(NestedProjects) = preSolution
		{13F9095E-4ED5-4C55-95B4-E6BD513E4B0F} = {02EA681E-C7D8-13C7-8484-4AC65E1B71E8}
		{23A0959F-42DA-4768-A914-C96988423788} = {02EA681E-C7D8-13C7-8484-4AC65E1B71E8}
		{CFF25B17-5D61-4A89-92FC-56E8B82ACDC1} = {02EA681E-C7D8-13C7-8484-4AC65E1B71E8}
		{A7AD2805-663F-484F-88ED-FBA15F8DDD03} = {02EA681E-C7D8-13C7-8484-4AC65E1B71E8}
		{F204846C-FA27-47A3-931A-DB9C3601DEB1} = {0C07FCE4-61F2-4281-8CCB-BD2C0146740E}
		{4B68FE63-93ED-4F9F-A053-DFD9E31D91AB} = {0C07FCE4-61F2-4281-8CCB-BD2C0146740E}
	EndGlobalSection
	GlobalSection(ExtensibilityGlobals) = postSolution
		SolutionGuid = {7725740F-4A0B-4DFA-8075-37F2364BB751}
	EndGlobalSection
EndGlobal
